
Microsoft Visual Studio Solution File, Format Version 12.00
# Visual Studio Version 16
VisualStudioVersion = 16.0.29025.244
MinimumVisualStudioVersion = 10.0.40219.1
Project("{9A19103F-16F7-4668-BE54-9A1E7A4F7556}") = "Sandbox", "Sandbox\Sandbox.csproj", "{4174F05D-D380-48FE-A6FB-286F2F3CBC27}"
EndProject
Project("{9A19103F-16F7-4668-BE54-9A1E7A4F7556}") = "MessageBoard", "MessageBoard\MessageBoard.csproj", "{E1F21D91-373C-4B54-A12B-D913FA1D813D}"
EndProject
Project("{00D1A9C2-B5F0-4AF3-8072-F6C62B433612}") = "MessageBoardDB", "MessageBoardDB\MessageBoardDB.sqlproj", "{5F330AA4-6E24-4ACF-AD15-B2CF13C9801C}"
EndProject
Global
	GlobalSection(SolutionConfigurationPlatforms) = preSolution
		Debug|Any CPU = Debug|Any CPU
		Release|Any CPU = Release|Any CPU
	EndGlobalSection
	GlobalSection(ProjectConfigurationPlatforms) = postSolution
		{4174F05D-D380-48FE-A6FB-286F2F3CBC27}.Debug|Any CPU.ActiveCfg = Debug|Any CPU
		{4174F05D-D380-48FE-A6FB-286F2F3CBC27}.Debug|Any CPU.Build.0 = Debug|Any CPU
		{4174F05D-D380-48FE-A6FB-286F2F3CBC27}.Release|Any CPU.ActiveCfg = Release|Any CPU
		{4174F05D-D380-48FE-A6FB-286F2F3CBC27}.Release|Any CPU.Build.0 = Release|Any CPU
		{E1F21D91-373C-4B54-A12B-D913FA1D813D}.Debug|Any CPU.ActiveCfg = Debug|Any CPU
		{E1F21D91-373C-4B54-A12B-D913FA1D813D}.Debug|Any CPU.Build.0 = Debug|Any CPU
		{E1F21D91-373C-4B54-A12B-D913FA1D813D}.Release|Any CPU.ActiveCfg = Release|Any CPU
		{E1F21D91-373C-4B54-A12B-D913FA1D813D}.Release|Any CPU.Build.0 = Release|Any CPU
		{5F330AA4-6E24-4ACF-AD15-B2CF13C9801C}.Debug|Any CPU.ActiveCfg = Debug|Any CPU
		{5F330AA4-6E24-4ACF-AD15-B2CF13C9801C}.Debug|Any CPU.Build.0 = Debug|Any CPU
		{5F330AA4-6E24-4ACF-AD15-B2CF13C9801C}.Debug|Any CPU.Deploy.0 = Debug|Any CPU
		{5F330AA4-6E24-4ACF-AD15-B2CF13C9801C}.Release|Any CPU.ActiveCfg = Release|Any CPU
		{5F330AA4-6E24-4ACF-AD15-B2CF13C9801C}.Release|Any CPU.Build.0 = Release|Any CPU
		{5F330AA4-6E24-4ACF-AD15-B2CF13C9801C}.Release|Any CPU.Deploy.0 = Release|Any CPU
	EndGlobalSection
	GlobalSection(SolutionProperties) = preSolution
		HideSolutionNode = FALSE
	EndGlobalSection
	GlobalSection(ExtensibilityGlobals) = postSolution
		SolutionGuid = {5459E5E4-C956-4461-979B-9A5482193402}
	EndGlobalSection
EndGlobal
